
Microsoft Visual Studio Solution File, Format Version 12.00
# Visual Studio Version 17
VisualStudioVersion = 17.5.33530.505
MinimumVisualStudioVersion = 10.0.40219.1
Project("{FAE04EC0-301F-11D3-BF4B-00C04F79EFBC}") = "Project2", "Project2\Project2.csproj", "{950D3386-FC37-4D48-B22C-D5AFDA221498}"
EndProject
Global
	GlobalSection(SolutionConfigurationPlatforms) = preSolution
		Debug|Any CPU = Debug|Any CPU
		Release|Any CPU = Release|Any CPU
	EndGlobalSection
	GlobalSection(ProjectConfigurationPlatforms) = postSolution
		{950D3386-FC37-4D48-B22C-D5AFDA221498}.Debug|Any CPU.ActiveCfg = Debug|Any CPU
		{950D3386-FC37-4D48-B22C-D5AFDA221498}.Debug|Any CPU.Build.0 = Debug|Any CPU
		{950D3386-FC37-4D48-B22C-D5AFDA221498}.Release|Any CPU.ActiveCfg = Release|Any CPU
		{950D3386-FC37-4D48-B22C-D5AFDA221498}.Release|Any CPU.Build.0 = Release|Any CPU
	EndGlobalSection
	GlobalSection(SolutionProperties) = preSolution
		HideSolutionNode = FALSE
	EndGlobalSection
	GlobalSection(ExtensibilityGlobals) = postSolution
		SolutionGuid = {7EBBB64A-1452-4649-8439-6FA0BD790711}
	EndGlobalSection
EndGlobal
